
Microsoft Visual Studio Solution File, Format Version 12.00
# Visual Studio Version 17
VisualStudioVersion = 17.14.36401.2
MinimumVisualStudioVersion = 10.0.40219.1
Project("{FAE04EC0-301F-11D3-BF4B-00C04F79EFBC}") = "final_V2", "final_V2\final_V2.csproj", "{99B60D69-A83A-467C-814C-6902DC1A52BB}"
EndProject
Global
	GlobalSection(SolutionConfigurationPlatforms) = preSolution
		Debug|Any CPU = Debug|Any CPU
		Debug|x64 = Debug|x64
		Release|Any CPU = Release|Any CPU
		Release|x64 = Release|x64
	EndGlobalSection
	GlobalSection(ProjectConfigurationPlatforms) = postSolution
		{99B60D69-A83A-467C-814C-6902DC1A52BB}.Debug|Any CPU.ActiveCfg = Debug|Any CPU
		{99B60D69-A83A-467C-814C-6902DC1A52BB}.Debug|Any CPU.Build.0 = Debug|Any CPU
		{99B60D69-A83A-467C-814C-6902DC1A52BB}.Debug|Any CPU.Deploy.0 = Debug|Any CPU
		{99B60D69-A83A-467C-814C-6902DC1A52BB}.Debug|x64.ActiveCfg = Debug|x64
		{99B60D69-A83A-467C-814C-6902DC1A52BB}.Debug|x64.Build.0 = Debug|x64
		{99B60D69-A83A-467C-814C-6902DC1A52BB}.Debug|x64.Deploy.0 = Debug|x64
		{99B60D69-A83A-467C-814C-6902DC1A52BB}.Release|Any CPU.ActiveCfg = Release|Any CPU
		{99B60D69-A83A-467C-814C-6902DC1A52BB}.Release|Any CPU.Build.0 = Release|Any CPU
		{99B60D69-A83A-467C-814C-6902DC1A52BB}.Release|Any CPU.Deploy.0 = Release|Any CPU
		{99B60D69-A83A-467C-814C-6902DC1A52BB}.Release|x64.ActiveCfg = Release|x64
		{99B60D69-A83A-467C-814C-6902DC1A52BB}.Release|x64.Build.0 = Release|x64
		{99B60D69-A83A-467C-814C-6902DC1A52BB}.Release|x64.Deploy.0 = Release|x64
	EndGlobalSection
	GlobalSection(SolutionProperties) = preSolution
		HideSolutionNode = FALSE
	EndGlobalSection
	GlobalSection(ExtensibilityGlobals) = postSolution
		SolutionGuid = {AECBABF4-F497-4ECF-90C6-629B944EC5A5}
	EndGlobalSection
EndGlobal
